
Microsoft Visual Studio Solution File, Format Version 12.00
# Visual Studio Version 17
VisualStudioVersion = 17.14.36414.22
MinimumVisualStudioVersion = 10.0.40219.1
Project("{2150E333-8FDC-42A3-9474-1A3956D46DE8}") = "Task0", "Task0", "{36D591C7-65C7-A0D1-1CBC-10CDE441BDC8}"
EndProject
Project("{FAE04EC0-301F-11D3-BF4B-00C04F79EFBC}") = "Tyuiu.LazutinVS.Sprint3.Task0.V17", "Tyuiu.LazutinVS.Sprint3.Task0.V17\Tyuiu.LazutinVS.Sprint3.Task0.V17.csproj", "{CE374E06-BB6A-427D-A3EC-E0275B24EC10}"
EndProject
Project("{FAE04EC0-301F-11D3-BF4B-00C04F79EFBC}") = "Tyuiu.LazutinVS.Sprint3.Task0.V17.Lib", "Tyuiu.LazutinVS.Sprint3.Task0.V17.Lib\Tyuiu.LazutinVS.Sprint3.Task0.V17.Lib.csproj", "{80D4CD91-C9E2-465B-9024-3653A8758BDA}"
EndProject
Project("{FAE04EC0-301F-11D3-BF4B-00C04F79EFBC}") = "Tyuiu.LazutinVS.Sprint3.Task0.V17.Test", "Tyuiu.LazutinVS.Sprint3.Task0.V17.Test\Tyuiu.LazutinVS.Sprint3.Task0.V17.Test.csproj", "{EF83DEEC-7256-4D05-A22B-6A3F12A3E517}"
EndProject
Project("{2150E333-8FDC-42A3-9474-1A3956D46DE8}") = "Task1", "Task1", "{BC86F18C-E4F3-4184-814C-D9E4C8677301}"
EndProject
Project("{FAE04EC0-301F-11D3-BF4B-00C04F79EFBC}") = "Tyuiu.LazutinVS.Sprint3.Task1.V7.Lib", "Tyuiu.LazutinVS.Sprint3.Task1.V7.Lib\Tyuiu.LazutinVS.Sprint3.Task1.V7.Lib.csproj", "{F2632E75-6EBE-4157-909F-D7E5CF819094}"
EndProject
Project("{FAE04EC0-301F-11D3-BF4B-00C04F79EFBC}") = "Tyuiu.LazutinVS.Sprint3.Task1.V7", "Tyuiu.LazutinVS.Sprint3.Task1.V7\Tyuiu.LazutinVS.Sprint3.Task1.V7.csproj", "{E5E0EAD1-0FB4-423B-A5F4-40ED52125B6D}"
EndProject
Project("{FAE04EC0-301F-11D3-BF4B-00C04F79EFBC}") = "Tyuiu.LazutinVS.Sprint3.Task1.V7.Test", "Tyuiu.LazutinVS.Sprint3.Task1.V7.Test\Tyuiu.LazutinVS.Sprint3.Task1.V7.Test.csproj", "{842102DC-0460-42DC-AB67-6234EEFF584D}"
EndProject
Project("{2150E333-8FDC-42A3-9474-1A3956D46DE8}") = "Task2", "Task2", "{7E831B1D-4E91-43E7-B485-6EB3EE5C62F5}"
EndProject
Project("{FAE04EC0-301F-11D3-BF4B-00C04F79EFBC}") = "Tyuiu.LazutinVS.Sprint3.Task2.V22", "Tyuiu.LazutinVS.Sprint3.Task2.V22\Tyuiu.LazutinVS.Sprint3.Task2.V22.csproj", "{533938EB-5A68-4762-A19F-120A71D24D1F}"
EndProject
Project("{FAE04EC0-301F-11D3-BF4B-00C04F79EFBC}") = "Tyuiu.LazutinVS.Sprint3.Task2.V22.Test", "Tyuiu.LazutinVS.Sprint3.Task2.V22.Test\Tyuiu.LazutinVS.Sprint3.Task2.V22.Test.csproj", "{947BD81B-7106-4C83-9E95-54C6318F2D5D}"
EndProject
Project("{FAE04EC0-301F-11D3-BF4B-00C04F79EFBC}") = "Tyuiu.LazutinVS.Sprint3.Task2.V22.Lib", "Tyuiu.LazutinVS.Sprint3.Task2.V22.Lib\Tyuiu.LazutinVS.Sprint3.Task2.V22.Lib.csproj", "{A0EE60C9-6382-45A0-A0C9-17BE91D51B72}"
EndProject
Project("{2150E333-8FDC-42A3-9474-1A3956D46DE8}") = "Task3", "Task3", "{3C5DC410-A981-4A1D-B817-AB4D738150E6}"
EndProject
Project("{FAE04EC0-301F-11D3-BF4B-00C04F79EFBC}") = "Tyuiu.LazutinVS.Sprint3.Task3.V28", "Tyuiu.LazutinVS.Sprint3.Task3.V28\Tyuiu.LazutinVS.Sprint3.Task3.V28.csproj", "{BC3779EB-0041-4B60-B64E-5704A085D16E}"
EndProject
Project("{FAE04EC0-301F-11D3-BF4B-00C04F79EFBC}") = "Tyuiu.LazutinVS.Sprint3.Task3.V28.Lib", "Tyuiu.LazutinVS.Sprint3.Task3.V28.Lib\Tyuiu.LazutinVS.Sprint3.Task3.V28.Lib.csproj", "{18C4FDD9-4C34-49B4-9FF4-C3EFBDAF2443}"
EndProject
Project("{FAE04EC0-301F-11D3-BF4B-00C04F79EFBC}") = "Tyuiu.LazutinVS.Sprint3.Task3.V28.Test", "Tyuiu.LazutinVS.Sprint3.Task3.V28.Test\Tyuiu.LazutinVS.Sprint3.Task3.V28.Test.csproj", "{D529575F-5CAC-4D93-A744-F05607DFE5D1}"
EndProject
Global
	GlobalSection(SolutionConfigurationPlatforms) = preSolution
		Debug|Any CPU = Debug|Any CPU
		Release|Any CPU = Release|Any CPU
	EndGlobalSection
	GlobalSection(ProjectConfigurationPlatforms) = postSolution
		{CE374E06-BB6A-427D-A3EC-E0275B24EC10}.Debug|Any CPU.ActiveCfg = Debug|Any CPU
		{CE374E06-BB6A-427D-A3EC-E0275B24EC10}.Debug|Any CPU.Build.0 = Debug|Any CPU
		{CE374E06-BB6A-427D-A3EC-E0275B24EC10}.Release|Any CPU.ActiveCfg = Release|Any CPU
		{CE374E06-BB6A-427D-A3EC-E0275B24EC10}.Release|Any CPU.Build.0 = Release|Any CPU
		{80D4CD91-C9E2-465B-9024-3653A8758BDA}.Debug|Any CPU.ActiveCfg = Debug|Any CPU
		{80D4CD91-C9E2-465B-9024-3653A8758BDA}.Debug|Any CPU.Build.0 = Debug|Any CPU
		{80D4CD91-C9E2-465B-9024-3653A8758BDA}.Release|Any CPU.ActiveCfg = Release|Any CPU
		{80D4CD91-C9E2-465B-9024-3653A8758BDA}.Release|Any CPU.Build.0 = Release|Any CPU
		{EF83DEEC-7256-4D05-A22B-6A3F12A3E517}.Debug|Any CPU.ActiveCfg = Debug|Any CPU
		{EF83DEEC-7256-4D05-A22B-6A3F12A3E517}.Debug|Any CPU.Build.0 = Debug|Any CPU
		{EF83DEEC-7256-4D05-A22B-6A3F12A3E517}.Release|Any CPU.ActiveCfg = Release|Any CPU
		{EF83DEEC-7256-4D05-A22B-6A3F12A3E517}.Release|Any CPU.Build.0 = Release|Any CPU
		{F2632E75-6EBE-4157-909F-D7E5CF819094}.Debug|Any CPU.ActiveCfg = Debug|Any CPU
		{F2632E75-6EBE-4157-909F-D7E5CF819094}.Debug|Any CPU.Build.0 = Debug|Any CPU
		{F2632E75-6EBE-4157-909F-D7E5CF819094}.Release|Any CPU.ActiveCfg = Release|Any CPU
		{F2632E75-6EBE-4157-909F-D7E5CF819094}.Release|Any CPU.Build.0 = Release|Any CPU
		{E5E0EAD1-0FB4-423B-A5F4-40ED52125B6D}.Debug|Any CPU.ActiveCfg = Debug|Any CPU
		{E5E0EAD1-0FB4-423B-A5F4-40ED52125B6D}.Debug|Any CPU.Build.0 = Debug|Any CPU
		{E5E0EAD1-0FB4-423B-A5F4-40ED52125B6D}.Release|Any CPU.ActiveCfg = Release|Any CPU
		{E5E0EAD1-0FB4-423B-A5F4-40ED52125B6D}.Release|Any CPU.Build.0 = Release|Any CPU
		{842102DC-0460-42DC-AB67-6234EEFF584D}.Debug|Any CPU.ActiveCfg = Debug|Any CPU
		{842102DC-0460-42DC-AB67-6234EEFF584D}.Debug|Any CPU.Build.0 = Debug|Any CPU
		{842102DC-0460-42DC-AB67-6234EEFF584D}.Release|Any CPU.ActiveCfg = Release|Any CPU
		{842102DC-0460-42DC-AB67-6234EEFF584D}.Release|Any CPU.Build.0 = Release|Any CPU
		{533938EB-5A68-4762-A19F-120A71D24D1F}.Debug|Any CPU.ActiveCfg = Debug|Any CPU
		{533938EB-5A68-4762-A19F-120A71D24D1F}.Debug|Any CPU.Build.0 = Debug|Any CPU
		{533938EB-5A68-4762-A19F-120A71D24D1F}.Release|Any CPU.ActiveCfg = Release|Any CPU
		{533938EB-5A68-4762-A19F-120A71D24D1F}.Release|Any CPU.Build.0 = Release|Any CPU
		{947BD81B-7106-4C83-9E95-54C6318F2D5D}.Debug|Any CPU.ActiveCfg = Debug|Any CPU
		{947BD81B-7106-4C83-9E95-54C6318F2D5D}.Debug|Any CPU.Build.0 = Debug|Any CPU
		{947BD81B-7106-4C83-9E95-54C6318F2D5D}.Release|Any CPU.ActiveCfg = Release|Any CPU
		{947BD81B-7106-4C83-9E95-54C6318F2D5D}.Release|Any CPU.Build.0 = Release|Any CPU
		{A0EE60C9-6382-45A0-A0C9-17BE91D51B72}.Debug|Any CPU.ActiveCfg = Debug|Any CPU
		{A0EE60C9-6382-45A0-A0C9-17BE91D51B72}.Debug|Any CPU.Build.0 = Debug|Any CPU
		{A0EE60C9-6382-45A0-A0C9-17BE91D51B72}.Release|Any CPU.ActiveCfg = Release|Any CPU
		{A0EE60C9-6382-45A0-A0C9-17BE91D51B72}.Release|Any CPU.Build.0 = Release|Any CPU
		{BC3779EB-0041-4B60-B64E-5704A085D16E}.Debug|Any CPU.ActiveCfg = Debug|Any CPU
		{BC3779EB-0041-4B60-B64E-5704A085D16E}.Debug|Any CPU.Build.0 = Debug|Any CPU
		{BC3779EB-0041-4B60-B64E-5704A085D16E}.Release|Any CPU.ActiveCfg = Release|Any CPU
		{BC3779EB-0041-4B60-B64E-5704A085D16E}.Release|Any CPU.Build.0 = Release|Any CPU
		{18C4FDD9-4C34-49B4-9FF4-C3EFBDAF2443}.Debug|Any CPU.ActiveCfg = Debug|Any CPU
		{18C4FDD9-4C34-49B4-9FF4-C3EFBDAF2443}.Debug|Any CPU.Build.0 = Debug|Any CPU
		{18C4FDD9-4C34-49B4-9FF4-C3EFBDAF2443}.Release|Any CPU.ActiveCfg = Release|Any CPU
		{18C4FDD9-4C34-49B4-9FF4-C3EFBDAF2443}.Release|Any CPU.Build.0 = Release|Any CPU
		{D529575F-5CAC-4D93-A744-F05607DFE5D1}.Debug|Any CPU.ActiveCfg = Debug|Any CPU
		{D529575F-5CAC-4D93-A744-F05607DFE5D1}.Debug|Any CPU.Build.0 = Debug|Any CPU
		{D529575F-5CAC-4D93-A744-F05607DFE5D1}.Release|Any CPU.ActiveCfg = Release|Any CPU
		{D529575F-5CAC-4D93-A744-F05607DFE5D1}.Release|Any CPU.Build.0 = Release|Any CPU
	EndGlobalSection
	GlobalSection(SolutionProperties) = preSolution
		HideSolutionNode = FALSE
	EndGlobalSection
	GlobalSection(NestedProjects) = preSolution
		{CE374E06-BB6A-427D-A3EC-E0275B24EC10} = {36D591C7-65C7-A0D1-1CBC-10CDE441BDC8}
		{80D4CD91-C9E2-465B-9024-3653A8758BDA} = {36D591C7-65C7-A0D1-1CBC-10CDE441BDC8}
		{EF83DEEC-7256-4D05-A22B-6A3F12A3E517} = {36D591C7-65C7-A0D1-1CBC-10CDE441BDC8}
		{F2632E75-6EBE-4157-909F-D7E5CF819094} = {BC86F18C-E4F3-4184-814C-D9E4C8677301}
		{E5E0EAD1-0FB4-423B-A5F4-40ED52125B6D} = {BC86F18C-E4F3-4184-814C-D9E4C8677301}
		{842102DC-0460-42DC-AB67-6234EEFF584D} = {BC86F18C-E4F3-4184-814C-D9E4C8677301}
		{533938EB-5A68-4762-A19F-120A71D24D1F} = {7E831B1D-4E91-43E7-B485-6EB3EE5C62F5}
		{947BD81B-7106-4C83-9E95-54C6318F2D5D} = {7E831B1D-4E91-43E7-B485-6EB3EE5C62F5}
		{A0EE60C9-6382-45A0-A0C9-17BE91D51B72} = {7E831B1D-4E91-43E7-B485-6EB3EE5C62F5}
		{BC3779EB-0041-4B60-B64E-5704A085D16E} = {3C5DC410-A981-4A1D-B817-AB4D738150E6}
		{18C4FDD9-4C34-49B4-9FF4-C3EFBDAF2443} = {3C5DC410-A981-4A1D-B817-AB4D738150E6}
		{D529575F-5CAC-4D93-A744-F05607DFE5D1} = {3C5DC410-A981-4A1D-B817-AB4D738150E6}
	EndGlobalSection
	GlobalSection(ExtensibilityGlobals) = postSolution
		SolutionGuid = {17C8B1E4-B6DC-4C05-A225-5A5CB1431523}
	EndGlobalSection
EndGlobal
